uuid: 44b86203-10e6-4c08-8983-935a841770df
langcode: en
status: true
dependencies:
  config:
    - views.view.publications_reports
  module:
    - system
    - views
  theme:
    - theme_sdd
id: theme_sdd_views_block__publications_reports_recent_block
theme: theme_sdd
region: content
weight: -4
provider: null
plugin: 'views_block:publications_reports-recent_block'
settings:
  id: 'views_block:publications_reports-recent_block'
  label: ''
  label_display: '0'
  provider: views
  views_label: ''
  items_per_page: none
visibility:
  request_path:
    id: request_path
    negate: false
    pages: "/media-kit\r\n/node/52"
